Microsoft Visual Studio Solution File, Format Version 11.00
# Visual Studio 2008

Project("{30FAA9E9-C239-DCAD-7093-4127D9DA26C4}") = "BT_TEST", "Assembly-CSharp.csproj", "{CF87CD31-FFC0-F8B7-C834-B1CBB503EED9}"
EndProject
Project("{30FAA9E9-C239-DCAD-7093-4127D9DA26C4}") = "BT_TEST", "Assembly-CSharp-Editor.csproj", "{AF09FC02-3CB0-2CD5-278A-C9ABA5BEE5EB}"
EndProject
Global
	GlobalSection(SolutionConfigurationPlatforms) = preSolution
		Debug|Any CPU = Debug|Any CPU
		Release|Any CPU = Release|Any CPU
	EndGlobalSection
	GlobalSection(ProjectConfigurationPlatforms) = postSolution
		{CF87CD31-FFC0-F8B7-C834-B1CBB503EED9}.Debug|Any CPU.ActiveCfg = Debug|Any CPU
		{CF87CD31-FFC0-F8B7-C834-B1CBB503EED9}.Debug|Any CPU.Build.0 = Debug|Any CPU
		{CF87CD31-FFC0-F8B7-C834-B1CBB503EED9}.Release|Any CPU.ActiveCfg = Release|Any CPU
		{CF87CD31-FFC0-F8B7-C834-B1CBB503EED9}.Release|Any CPU.Build.0 = Release|Any CPU
		{AF09FC02-3CB0-2CD5-278A-C9ABA5BEE5EB}.Debug|Any CPU.ActiveCfg = Debug|Any CPU
		{AF09FC02-3CB0-2CD5-278A-C9ABA5BEE5EB}.Debug|Any CPU.Build.0 = Debug|Any CPU
		{AF09FC02-3CB0-2CD5-278A-C9ABA5BEE5EB}.Release|Any CPU.ActiveCfg = Release|Any CPU
		{AF09FC02-3CB0-2CD5-278A-C9ABA5BEE5EB}.Release|Any CPU.Build.0 = Release|Any CPU
	EndGlobalSection
	GlobalSection(SolutionProperties) = preSolution
		HideSolutionNode = FALSE
	EndGlobalSection
	GlobalSection(MonoDevelopProperties) = preSolution
		StartupItem = Assembly-CSharp.csproj
	EndGlobalSection
EndGlobal
