Microsoft Visual Studio Solution File, Format Version 11.00
# Visual Studio 2008

Project("{82887B86-F80C-AF16-129C-7EF85FB2D70A}") = "New Tango", "Assembly-CSharp.csproj", "{855BB389-50FC-2E7D-4C87-88549C586C62}"
EndProject
Project("{82887B86-F80C-AF16-129C-7EF85FB2D70A}") = "New Tango", "Assembly-CSharp-Editor.csproj", "{B7E5D834-9331-92F6-739B-80B1321001AE}"
EndProject
Global
	GlobalSection(SolutionConfigurationPlatforms) = preSolution
		Debug|Any CPU = Debug|Any CPU
		Release|Any CPU = Release|Any CPU
	EndGlobalSection
	GlobalSection(ProjectConfigurationPlatforms) = postSolution
		{855BB389-50FC-2E7D-4C87-88549C586C62}.Debug|Any CPU.ActiveCfg = Debug|Any CPU
		{855BB389-50FC-2E7D-4C87-88549C586C62}.Debug|Any CPU.Build.0 = Debug|Any CPU
		{855BB389-50FC-2E7D-4C87-88549C586C62}.Release|Any CPU.ActiveCfg = Release|Any CPU
		{855BB389-50FC-2E7D-4C87-88549C586C62}.Release|Any CPU.Build.0 = Release|Any CPU
		{B7E5D834-9331-92F6-739B-80B1321001AE}.Debug|Any CPU.ActiveCfg = Debug|Any CPU
		{B7E5D834-9331-92F6-739B-80B1321001AE}.Debug|Any CPU.Build.0 = Debug|Any CPU
		{B7E5D834-9331-92F6-739B-80B1321001AE}.Release|Any CPU.ActiveCfg = Release|Any CPU
		{B7E5D834-9331-92F6-739B-80B1321001AE}.Release|Any CPU.Build.0 = Release|Any CPU
	EndGlobalSection
	GlobalSection(SolutionProperties) = preSolution
		HideSolutionNode = FALSE
	EndGlobalSection
	GlobalSection(MonoDevelopProperties) = preSolution
		StartupItem = Assembly-CSharp.csproj
	EndGlobalSection
EndGlobal
